
Microsoft Visual Studio Solution File, Format Version 12.00
# Visual Studio Version 16
VisualStudioVersion = 16.0.31019.35
MinimumVisualStudioVersion = 10.0.40219.1
Project("{FAE04EC0-301F-11D3-BF4B-00C04F79EFBC}") = "AppAutoCenter", "AppAutoCenter\AppAutoCenter.csproj", "{C8B25AAC-28B9-4E81-A299-CA2D8E349F2D}"
EndProject
Global
	GlobalSection(SolutionConfigurationPlatforms) = preSolution
		Debug|Any CPU = Debug|Any CPU
		Release|Any CPU = Release|Any CPU
	EndGlobalSection
	GlobalSection(ProjectConfigurationPlatforms) = postSolution
		{C8B25AAC-28B9-4E81-A299-CA2D8E349F2D}.Debug|Any CPU.ActiveCfg = Debug|Any CPU
		{C8B25AAC-28B9-4E81-A299-CA2D8E349F2D}.Debug|Any CPU.Build.0 = Debug|Any CPU
		{C8B25AAC-28B9-4E81-A299-CA2D8E349F2D}.Release|Any CPU.ActiveCfg = Release|Any CPU
		{C8B25AAC-28B9-4E81-A299-CA2D8E349F2D}.Release|Any CPU.Build.0 = Release|Any CPU
	EndGlobalSection
	GlobalSection(SolutionProperties) = preSolution
		HideSolutionNode = FALSE
	EndGlobalSection
	GlobalSection(ExtensibilityGlobals) = postSolution
		SolutionGuid = {12DE6F04-9084-46A1-842F-7F3E64BF98C7}
	EndGlobalSection
EndGlobal
